// !$*UTF8*$!
{
	archiveVersion = 1;
	classes = {
	};
	objectVersion = 55;
	objects = {

/* Begin PBXBuildFile section */
		6A6D5040271696620014C75E /* AppDelegate.swift in Sources */ = {isa = PBXBuildFile; fileRef = 6A6D503F271696620014C75E /* AppDelegate.swift */; };
		6A6D5042271696620014C75E /* ContentView.swift in Sources */ = {isa = PBXBuildFile; fileRef = 6A6D5041271696620014C75E /* ContentView.swift */; };
		6A6D5046271696630014C75E /* Assets.xcassets in Resources */ = {isa = PBXBuildFile; fileRef = 6A6D5045271696630014C75E /* Assets.xcassets */; };
		6A6D5049271696630014C75E /* Preview Assets.xcassets in Resources */ = {isa = PBXBuildFile; fileRef = 6A6D5048271696630014C75E /* Preview Assets.xcassets */; };
		6A6D50512716985B0014C75E /* checker-board.png in Resources */ = {isa = PBXBuildFile; fileRef = 6A6D50502716985B0014C75E /* checker-board.png */; };
		6A6D50542716A2A10014C75E /* toy_biplane.usdz in Resources */ = {isa = PBXBuildFile; fileRef = 6A6D50532716A2A00014C75E /* toy_biplane.usdz */; };
		6ABC3D0E2717125E00185A68 /* car-beep.mp3 in Resources */ = {isa = PBXBuildFile; fileRef = 6ABC3D0D2717125E00185A68 /* car-beep.mp3 */; };
/* End PBXBuildFile section */

/* Begin PBXFileReference section */
		6A6D503C271696620014C75E /* ARContentPlayground.app */ = {isa = PBXFileReference; explicitFileType = wrapper.application; includeInIndex = 0; path = ARContentPlayground.app; sourceTree = BUILT_PRODUCTS_DIR; };
		6A6D503F271696620014C75E /* AppDelegate.swift */ = {isa = PBXFileReference; lastKnownFileType = sourcecode.swift; path = AppDelegate.swift; sourceTree = "<group>"; };
		6A6D5041271696620014C75E /* ContentView.swift */ = {isa = PBXFileReference; lastKnownFileType = sourcecode.swift; path = ContentView.swift; sourceTree = "<group>"; };
		6A6D5045271696630014C75E /* Assets.xcassets */ = {isa = PBXFileReference; lastKnownFileType = folder.assetcatalog; path = Assets.xcassets; sourceTree = "<group>"; };
		6A6D5048271696630014C75E /* Preview Assets.xcassets */ = {isa = PBXFileReference; lastKnownFileType = folder.assetcatalog; path = "Preview Assets.xcassets"; sourceTree = "<group>"; };
		6A6D50502716985B0014C75E /* checker-board.png */ = {isa = PBXFileReference; lastKnownFileType = image.png; path = "checker-board.png"; sourceTree = "<group>"; };
		6A6D50532716A2A00014C75E /* toy_biplane.usdz */ = {isa = PBXFileReference; lastKnownFileType = file.usdz; path = toy_biplane.usdz; sourceTree = "<group>"; };
		6A6D50552716A2C60014C75E /* Info.plist */ = {isa = PBXFileReference; lastKnownFileType = text.plist; path = Info.plist; sourceTree = "<group>"; };
		6ABC3D0D2717125E00185A68 /* car-beep.mp3 */ = {isa = PBXFileReference; lastKnownFileType = audio.mp3; path = "car-beep.mp3"; sourceTree = "<group>"; };
/* End PBXFileReference section */

/* Begin PBXFrameworksBuildPhase section */
		6A6D5039271696620014C75E /* Frameworks */ = {
			isa = PBXFrameworksBuildPhase;
			buildActionMask = 2147483647;
			files = (
			);
			runOnlyForDeploymentPostprocessing = 0;
		};
/* End PBXFrameworksBuildPhase section */

/* Begin PBXGroup section */
		6A6D5033271696620014C75E = {
			isa = PBXGroup;
			children = (
				6A6D503E271696620014C75E /* ARContentPlayground */,
				6A6D503D271696620014C75E /* Products */,
			);
			sourceTree = "<group>";
		};
		6A6D503D271696620014C75E /* Products */ = {
			isa = PBXGroup;
			children = (
				6A6D503C271696620014C75E /* ARContentPlayground.app */,
			);
			name = Products;
			sourceTree = "<group>";
		};
		6A6D503E271696620014C75E /* ARContentPlayground */ = {
			isa = PBXGroup;
			children = (
				6A6D503F271696620014C75E /* AppDelegate.swift */,
				6A6D5041271696620014C75E /* ContentView.swift */,
				6A6D5045271696630014C75E /* Assets.xcassets */,
				6A6D50552716A2C60014C75E /* Info.plist */,
				6A6D504F2716985B0014C75E /* Textures */,
				6A6D50522716A2A00014C75E /* Models */,
				6ABC3D0C2717124300185A68 /* Media */,
				6A6D5047271696630014C75E /* Preview Content */,
			);
			path = ARContentPlayground;
			sourceTree = "<group>";
		};
		6A6D5047271696630014C75E /* Preview Content */ = {
			isa = PBXGroup;
			children = (
				6A6D5048271696630014C75E /* Preview Assets.xcassets */,
			);
			path = "Preview Content";
			sourceTree = "<group>";
		};
		6A6D504F2716985B0014C75E /* Textures */ = {
			isa = PBXGroup;
			children = (
				6A6D50502716985B0014C75E /* checker-board.png */,
			);
			path = Textures;
			sourceTree = "<group>";
		};
		6A6D50522716A2A00014C75E /* Models */ = {
			isa = PBXGroup;
			children = (
				6A6D50532716A2A00014C75E /* toy_biplane.usdz */,
			);
			path = Models;
			sourceTree = "<group>";
		};
		6ABC3D0C2717124300185A68 /* Media */ = {
			isa = PBXGroup;
			children = (
				6ABC3D0D2717125E00185A68 /* car-beep.mp3 */,
			);
			path = Media;
			sourceTree = "<group>";
		};
/* End PBXGroup section */

/* Begin PBXNativeTarget section */
		6A6D503B271696620014C75E /* ARContentPlayground */ = {
			isa = PBXNativeTarget;
			buildConfigurationList = 6A6D504C271696630014C75E /* Build configuration list for PBXNativeTarget "ARContentPlayground" */;
			buildPhases = (
				6A6D5038271696620014C75E /* Sources */,
				6A6D5039271696620014C75E /* Frameworks */,
				6A6D503A271696620014C75E /* Resources */,
			);
			buildRules = (
			);
			dependencies = (
			);
			name = ARContentPlayground;
			productName = ARPlayground;
			productReference = 6A6D503C271696620014C75E /* ARContentPlayground.app */;
			productType = "com.apple.product-type.application";
		};
/* End PBXNativeTarget section */

/* Begin PBXProject section */
		6A6D5034271696620014C75E /* Project object */ = {
			isa = PBXProject;
			attributes = {
				BuildIndependentTargetsInParallel = 1;
				LastSwiftUpdateCheck = 1300;
				LastUpgradeCheck = 1300;
				TargetAttributes = {
					6A6D503B271696620014C75E = {
						CreatedOnToolsVersion = 13.0;
					};
				};
			};
			buildConfigurationList = 6A6D5037271696620014C75E /* Build configuration list for PBXProject "ARContentPlayground" */;
			compatibilityVersion = "Xcode 13.0";
			developmentRegion = en;
			hasScannedForEncodings = 0;
			knownRegions = (
				en,
				Base,
			);
			mainGroup = 6A6D5033271696620014C75E;
			productRefGroup = 6A6D503D271696620014C75E /* Products */;
			projectDirPath = "";
			projectRoot = "";
			targets = (
				6A6D503B271696620014C75E /* ARContentPlayground */,
			);
		};
/* End PBXProject section */

/* Begin PBXResourcesBuildPhase section */
		6A6D503A271696620014C75E /* Resources */ = {
			isa = PBXResourcesBuildPhase;
			buildActionMask = 2147483647;
			files = (
				6A6D5049271696630014C75E /* Preview Assets.xcassets in Resources */,
				6ABC3D0E2717125E00185A68 /* car-beep.mp3 in Resources */,
				6A6D5046271696630014C75E /* Assets.xcassets in Resources */,
				6A6D50542716A2A10014C75E /* toy_biplane.usdz in Resources */,
				6A6D50512716985B0014C75E /* checker-board.png in Resources */,
			);
			runOnlyForDeploymentPostprocessing = 0;
		};
/* End PBXResourcesBuildPhase section */

/* Begin PBXSourcesBuildPhase section */
		6A6D5038271696620014C75E /* Sources */ = {
			isa = PBXSourcesBuildPhase;
			buildActionMask = 2147483647;
			files = (
				6A6D5042271696620014C75E /* ContentView.swift in Sources */,
				6A6D5040271696620014C75E /* AppDelegate.swift in Sources */,
			);
			runOnlyForDeploymentPostprocessing = 0;
		};
/* End PBXSourcesBuildPhase section */

/* Begin XCBuildConfiguration section */
		6A6D504A271696630014C75E /* Debug */ = {
			isa = XCBuildConfiguration;
			buildSettings = {
				ALWAYS_SEARCH_USER_PATHS = NO;
				CLANG_ANALYZER_NONNULL = YES;
				CLANG_ANALYZER_NUMBER_OBJECT_CONVERSION = YES_AGGRESSIVE;
				CLANG_CXX_LANGUAGE_STANDARD = "gnu++17";
				CLANG_CXX_LIBRARY = "libc++";
				CLANG_ENABLE_MODULES = YES;
				CLANG_ENABLE_OBJC_ARC = YES;
				CLANG_ENABLE_OBJC_WEAK = YES;
				CLANG_WARN_BLOCK_CAPTURE_AUTORELEASING = YES;
				CLANG_WARN_BOOL_CONVERSION = YES;
				CLANG_WARN_COMMA = YES;
				CLANG_WARN_CONSTANT_CONVERSION = YES;
				CLANG_WARN_DEPRECATED_OBJC_IMPLEMENTATIONS = YES;
				CLANG_WARN_DIRECT_OBJC_ISA_USAGE = YES_ERROR;
				CLANG_WARN_DOCUMENTATION_COMMENTS = YES;
				CLANG_WARN_EMPTY_BODY = YES;
				CLANG_WARN_ENUM_CONVERSION = YES;
				CLANG_WARN_INFINITE_RECURSION = YES;
				CLANG_WARN_INT_CONVERSION = YES;
				CLANG_WARN_NON_LITERAL_NULL_CONVERSION = YES;
				CLANG_WARN_OBJC_IMPLICIT_RETAIN_SELF = YES;
				CLANG_WARN_OBJC_LITERAL_CONVERSION = YES;
				CLANG_WARN_OBJC_ROOT_CLASS = YES_ERROR;
				CLANG_WARN_QUOTED_INCLUDE_IN_FRAMEWORK_HEADER = YES;
				CLANG_WARN_RANGE_LOOP_ANALYSIS = YES;
				CLANG_WARN_STRICT_PROTOTYPES = YES;
				CLANG_WARN_SUSPICIOUS_MOVE = YES;
				CLANG_WARN_UNGUARDED_AVAILABILITY = YES_AGGRESSIVE;
				CLANG_WARN_UNREACHABLE_CODE = YES;
				CLANG_WARN__DUPLICATE_METHOD_MATCH = YES;
				COPY_PHASE_STRIP = NO;
				DEBUG_INFORMATION_FORMAT = dwarf;
				ENABLE_STRICT_OBJC_MSGSEND = YES;
				ENABLE_TESTABILITY = YES;
				GCC_C_LANGUAGE_STANDARD = gnu11;
				GCC_DYNAMIC_NO_PIC = NO;
				GCC_NO_COMMON_BLOCKS = YES;
				GCC_OPTIMIZATION_LEVEL = 0;
				GCC_PREPROCESSOR_DEFINITIONS = (
					"DEBUG=1",
					"$(inherited)",
				);
				GCC_WARN_64_TO_32_BIT_CONVERSION = YES;
				GCC_WARN_ABOUT_RETURN_TYPE = YES_ERROR;
				GCC_WARN_UNDECLARED_SELECTOR = YES;
				GCC_WARN_UNINITIALIZED_AUTOS = YES_AGGRESSIVE;
				GCC_WARN_UNUSED_FUNCTION = YES;
				GCC_WARN_UNUSED_VARIABLE = YES;
				IPHONEOS_DEPLOYMENT_TARGET = 15.0;
				MTL_ENABLE_DEBUG_INFO = INCLUDE_SOURCE;
				MTL_FAST_MATH = YES;
				ONLY_ACTIVE_ARCH = YES;
				SDKROOT = iphoneos;
				SWIFT_ACTIVE_COMPILATION_CONDITIONS = DEBUG;
				SWIFT_OPTIMIZATION_LEVEL = "-Onone";
			};
			name = Debug;
		};
		6A6D504B271696630014C75E /* Release */ = {
			isa = XCBuildConfiguration;
			buildSettings = {
				ALWAYS_SEARCH_USER_PATHS = NO;
				CLANG_ANALYZER_NONNULL = YES;
				CLANG_ANALYZER_NUMBER_OBJECT_CONVERSION = YES_AGGRESSIVE;
				CLANG_CXX_LANGUAGE_STANDARD = "gnu++17";
				CLANG_CXX_LIBRARY = "libc++";
				CLANG_ENABLE_MODULES = YES;
				CLANG_ENABLE_OBJC_ARC = YES;
				CLANG_ENABLE_OBJC_WEAK = YES;
				CLANG_WARN_BLOCK_CAPTURE_AUTORELEASING = YES;
				CLANG_WARN_BOOL_CONVERSION = YES;
				CLANG_WARN_COMMA = YES;
				CLANG_WARN_CONSTANT_CONVERSION = YES;
				CLANG_WARN_DEPRECATED_OBJC_IMPLEMENTATIONS = YES;
				CLANG_WARN_DIRECT_OBJC_ISA_USAGE = YES_ERROR;
				CLANG_WARN_DOCUMENTATION_COMMENTS = YES;
				CLANG_WARN_EMPTY_BODY = YES;
				CLANG_WARN_ENUM_CONVERSION = YES;
				CLANG_WARN_INFINITE_RECURSION = YES;
				CLANG_WARN_INT_CONVERSION = YES;
				CLANG_WARN_NON_LITERAL_NULL_CONVERSION = YES;
				CLANG_WARN_OBJC_IMPLICIT_RETAIN_SELF = YES;
				CLANG_WARN_OBJC_LITERAL_CONVERSION = YES;
				CLANG_WARN_OBJC_ROOT_CLASS = YES_ERROR;
				CLANG_WARN_QUOTED_INCLUDE_IN_FRAMEWORK_HEADER = YES;
				CLANG_WARN_RANGE_LOOP_ANALYSIS = YES;
				CLANG_WARN_STRICT_PROTOTYPES = YES;
				CLANG_WARN_SUSPICIOUS_MOVE = YES;
				CLANG_WARN_UNGUARDED_AVAILABILITY = YES_AGGRESSIVE;
				CLANG_WARN_UNREACHABLE_CODE = YES;
				CLANG_WARN__DUPLICATE_METHOD_MATCH = YES;
				COPY_PHASE_STRIP = NO;
				DEBUG_INFORMATION_FORMAT = "dwarf-with-dsym";
				ENABLE_NS_ASSERTIONS = NO;
				ENABLE_STRICT_OBJC_MSGSEND = YES;
				GCC_C_LANGUAGE_STANDARD = gnu11;
				GCC_NO_COMMON_BLOCKS = YES;
				GCC_WARN_64_TO_32_BIT_CONVERSION = YES;
				GCC_WARN_ABOUT_RETURN_TYPE = YES_ERROR;
				GCC_WARN_UNDECLARED_SELECTOR = YES;
				GCC_WARN_UNINITIALIZED_AUTOS = YES_AGGRESSIVE;
				GCC_WARN_UNUSED_FUNCTION = YES;
				GCC_WARN_UNUSED_VARIABLE = YES;
				IPHONEOS_DEPLOYMENT_TARGET = 15.0;
				MTL_ENABLE_DEBUG_INFO = NO;
				MTL_FAST_MATH = YES;
				SDKROOT = iphoneos;
				SWIFT_COMPILATION_MODE = wholemodule;
				SWIFT_OPTIMIZATION_LEVEL = "-O";
				VALIDATE_PRODUCT = YES;
			};
			name = Release;
		};
		6A6D504D271696630014C75E /* Debug */ = {
			isa = XCBuildConfiguration;
			buildSettings = {
				ASSETCATALOG_COMPILER_APPICON_NAME = AppIcon;
				ASSETCATALOG_COMPILER_GLOBAL_ACCENT_COLOR_NAME = AccentColor;
				CODE_SIGN_STYLE = Automatic;
				CURRENT_PROJECT_VERSION = 1;
				DEVELOPMENT_ASSET_PATHS = "\"ARContentPlayground/Preview Content\"";
				DEVELOPMENT_TEAM = "";
				ENABLE_PREVIEWS = YES;
				GENERATE_INFOPLIST_FILE = YES;
				INFOPLIST_FILE = ARContentPlayground/Info.plist;
				INFOPLIST_KEY_CFBundleDisplayName = "AR Content PG";
				INFOPLIST_KEY_NSCameraUsageDescription = "";
				INFOPLIST_KEY_UIApplicationSupportsIndirectInputEvents = YES;
				INFOPLIST_KEY_UIRequiredDeviceCapabilities = arkit;
				INFOPLIST_KEY_UIStatusBarHidden = YES;
				INFOPLIST_KEY_UISupportedInterfaceOrientations_iPad = "UIInterfaceOrientationPortrait UIInterfaceOrientationPortraitUpsideDown UIInterfaceOrientationLandscapeLeft UIInterfaceOrientationLandscapeRight";
				INFOPLIST_KEY_UISupportedInterfaceOrientations_iPhone = "UIInterfaceOrientationPortrait UIInterfaceOrientationLandscapeLeft UIInterfaceOrientationLandscapeRight";
				LD_RUNPATH_SEARCH_PATHS = (
					"$(inherited)",
					"@executable_path/Frameworks",
				);
				MARKETING_VERSION = 1.0;
				PRODUCT_BUNDLE_IDENTIFIER = com.mysite.ARContentPlayground;
				PRODUCT_NAME = "$(TARGET_NAME)";
				SWIFT_EMIT_LOC_STRINGS = YES;
				SWIFT_VERSION = 5.0;
				TARGETED_DEVICE_FAMILY = "1,2";
			};
			name = Debug;
		};
		6A6D504E271696630014C75E /* Release */ = {
			isa = XCBuildConfiguration;
			buildSettings = {
				ASSETCATALOG_COMPILER_APPICON_NAME = AppIcon;
				ASSETCATALOG_COMPILER_GLOBAL_ACCENT_COLOR_NAME = AccentColor;
				CODE_SIGN_STYLE = Automatic;
				CURRENT_PROJECT_VERSION = 1;
				DEVELOPMENT_ASSET_PATHS = "\"ARContentPlayground/Preview Content\"";
				DEVELOPMENT_TEAM = "";
				ENABLE_PREVIEWS = YES;
				GENERATE_INFOPLIST_FILE = YES;
				INFOPLIST_FILE = ARContentPlayground/Info.plist;
				INFOPLIST_KEY_CFBundleDisplayName = "AR Content PG";
				INFOPLIST_KEY_NSCameraUsageDescription = "";
				INFOPLIST_KEY_UIApplicationSupportsIndirectInputEvents = YES;
				INFOPLIST_KEY_UIRequiredDeviceCapabilities = arkit;
				INFOPLIST_KEY_UIStatusBarHidden = YES;
				INFOPLIST_KEY_UISupportedInterfaceOrientations_iPad = "UIInterfaceOrientationPortrait UIInterfaceOrientationPortraitUpsideDown UIInterfaceOrientationLandscapeLeft UIInterfaceOrientationLandscapeRight";
				INFOPLIST_KEY_UISupportedInterfaceOrientations_iPhone = "UIInterfaceOrientationPortrait UIInterfaceOrientationLandscapeLeft UIInterfaceOrientationLandscapeRight";
				LD_RUNPATH_SEARCH_PATHS = (
					"$(inherited)",
					"@executable_path/Frameworks",
				);
				MARKETING_VERSION = 1.0;
				PRODUCT_BUNDLE_IDENTIFIER = com.mysite.ARContentPlayground;
				PRODUCT_NAME = "$(TARGET_NAME)";
				SWIFT_EMIT_LOC_STRINGS = YES;
				SWIFT_VERSION = 5.0;
				TARGETED_DEVICE_FAMILY = "1,2";
			};
			name = Release;
		};
/* End XCBuildConfiguration section */

/* Begin XCConfigurationList section */
		6A6D5037271696620014C75E /* Build configuration list for PBXProject "ARContentPlayground" */ = {
			isa = XCConfigurationList;
			buildConfigurations = (
				6A6D504A271696630014C75E /* Debug */,
				6A6D504B271696630014C75E /* Release */,
			);
			defaultConfigurationIsVisible = 0;
			defaultConfigurationName = Release;
		};
		6A6D504C271696630014C75E /* Build configuration list for PBXNativeTarget "ARContentPlayground" */ = {
			isa = XCConfigurationList;
			buildConfigurations = (
				6A6D504D271696630014C75E /* Debug */,
				6A6D504E271696630014C75E /* Release */,
			);
			defaultConfigurationIsVisible = 0;
			defaultConfigurationName = Release;
		};
/* End XCConfigurationList section */
	};
	rootObject = 6A6D5034271696620014C75E /* Project object */;
}
